
Microsoft Visual Studio Solution File, Format Version 12.00
# Visual Studio Version 17
VisualStudioVersion = 17.8.34525.116
MinimumVisualStudioVersion = 10.0.40219.1
Project("{9A19103F-16F7-4668-BE54-9A1E7A4F7556}") = "APIAggregation", "APIAggregation\APIAggregation.csproj", "{F1CDE469-E749-4CCF-A137-3A4BBB112469}"
EndProject
Global
	GlobalSection(SolutionConfigurationPlatforms) = preSolution
		Debug|Any CPU = Debug|Any CPU
		Release|Any CPU = Release|Any CPU
	EndGlobalSection
	GlobalSection(ProjectConfigurationPlatforms) = postSolution
		{F1CDE469-E749-4CCF-A137-3A4BBB112469}.Debug|Any CPU.ActiveCfg = Debug|Any CPU
		{F1CDE469-E749-4CCF-A137-3A4BBB112469}.Debug|Any CPU.Build.0 = Debug|Any CPU
		{F1CDE469-E749-4CCF-A137-3A4BBB112469}.Release|Any CPU.ActiveCfg = Release|Any CPU
		{F1CDE469-E749-4CCF-A137-3A4BBB112469}.Release|Any CPU.Build.0 = Release|Any CPU
	EndGlobalSection
	GlobalSection(SolutionProperties) = preSolution
		HideSolutionNode = FALSE
	EndGlobalSection
	GlobalSection(ExtensibilityGlobals) = postSolution
		SolutionGuid = {6929206B-5707-4B5F-9D71-DB53BB607057}
	EndGlobalSection
EndGlobal
